// !$*UTF8*$!
{
	archiveVersion = 1;
	classes = {
	};
	objectVersion = 46;
	objects = {

/* Begin PBXBuildFile section */
		63145BC81BAFB20D005B05F0 /* main.m in Sources */ = {isa = PBXBuildFile; fileRef = 63145BC71BAFB20D005B05F0 /* main.m */; };
		63145BCB1BAFB20D005B05F0 /* AppDelegate.m in Sources */ = {isa = PBXBuildFile; fileRef = 63145BCA1BAFB20D005B05F0 /* AppDelegate.m */; };
		63145BCE1BAFB20D005B05F0 /* ViewController.m in Sources */ = {isa = PBXBuildFile; fileRef = 63145BCD1BAFB20D005B05F0 /* ViewController.m */; };
		63145BD11BAFB20D005B05F0 /* Main.storyboard in Resources */ = {isa = PBXBuildFile; fileRef = 63145BCF1BAFB20D005B05F0 /* Main.storyboard */; };
		63145BD31BAFB20D005B05F0 /* Assets.xcassets in Resources */ = {isa = PBXBuildFile; fileRef = 63145BD21BAFB20D005B05F0 /* Assets.xcassets */; };
		63145BD61BAFB20D005B05F0 /* LaunchScreen.storyboard in Resources */ = {isa = PBXBuildFile; fileRef = 63145BD41BAFB20D005B05F0 /* LaunchScreen.storyboard */; };
		63145BE11BAFB20D005B05F0 /* QRScanDemoTests.m in Sources */ = {isa = PBXBuildFile; fileRef = 63145BE01BAFB20D005B05F0 /* QRScanDemoTests.m */; };
		63145BEC1BAFB20D005B05F0 /* QRScanDemoUITests.m in Sources */ = {isa = PBXBuildFile; fileRef = 63145BEB1BAFB20D005B05F0 /* QRScanDemoUITests.m */; };
/* End PBXBuildFile section */

/* Begin PBXContainerItemProxy section */
		63145BDD1BAFB20D005B05F0 /* PBXContainerItemProxy */ = {
			isa = PBXContainerItemProxy;
			containerPortal = 63145BBB1BAFB20D005B05F0 /* Project object */;
			proxyType = 1;
			remoteGlobalIDString = 63145BC21BAFB20D005B05F0;
			remoteInfo = QRScanDemo;
		};
		63145BE81BAFB20D005B05F0 /* PBXContainerItemProxy */ = {
			isa = PBXContainerItemProxy;
			containerPortal = 63145BBB1BAFB20D005B05F0 /* Project object */;
			proxyType = 1;
			remoteGlobalIDString = 63145BC21BAFB20D005B05F0;
			remoteInfo = QRScanDemo;
		};
/* End PBXContainerItemProxy section */

/* Begin PBXFileReference section */
		63145BC31BAFB20D005B05F0 /* QRScanDemo.app */ = {isa = PBXFileReference; explicitFileType = wrapper.application; includeInIndex = 0; path = QRScanDemo.app; sourceTree = BUILT_PRODUCTS_DIR; };
		63145BC71BAFB20D005B05F0 /* main.m */ = {isa = PBXFileReference; lastKnownFileType = sourcecode.c.objc; path = main.m; sourceTree = "<group>"; };
		63145BC91BAFB20D005B05F0 /* AppDelegate.h */ = {isa = PBXFileReference; lastKnownFileType = sourcecode.c.h; path = AppDelegate.h; sourceTree = "<group>"; };
		63145BCA1BAFB20D005B05F0 /* AppDelegate.m */ = {isa = PBXFileReference; lastKnownFileType = sourcecode.c.objc; path = AppDelegate.m; sourceTree = "<group>"; };
		63145BCC1BAFB20D005B05F0 /* ViewController.h */ = {isa = PBXFileReference; lastKnownFileType = sourcecode.c.h; path = ViewController.h; sourceTree = "<group>"; };
		63145BCD1BAFB20D005B05F0 /* ViewController.m */ = {isa = PBXFileReference; lastKnownFileType = sourcecode.c.objc; path = ViewController.m; sourceTree = "<group>"; };
		63145BD01BAFB20D005B05F0 /* Base */ = {isa = PBXFileReference; lastKnownFileType = file.storyboard; name = Base; path = Base.lproj/Main.storyboard; sourceTree = "<group>"; };
		63145BD21BAFB20D005B05F0 /* Assets.xcassets */ = {isa = PBXFileReference; lastKnownFileType = folder.assetcatalog; path = Assets.xcassets; sourceTree = "<group>"; };
		63145BD51BAFB20D005B05F0 /* Base */ = {isa = PBXFileReference; lastKnownFileType = file.storyboard; name = Base; path = Base.lproj/LaunchScreen.storyboard; sourceTree = "<group>"; };
		63145BD71BAFB20D005B05F0 /* Info.plist */ = {isa = PBXFileReference; lastKnownFileType = text.plist.xml; path = Info.plist; sourceTree = "<group>"; };
		63145BDC1BAFB20D005B05F0 /* QRScanDemoTests.xctest */ = {isa = PBXFileReference; explicitFileType = wrapper.cfbundle; includeInIndex = 0; path = QRScanDemoTests.xctest; sourceTree = BUILT_PRODUCTS_DIR; };
		63145BE01BAFB20D005B05F0 /* QRScanDemoTests.m */ = {isa = PBXFileReference; lastKnownFileType = sourcecode.c.objc; path = QRScanDemoTests.m; sourceTree = "<group>"; };
		63145BE21BAFB20D005B05F0 /* Info.plist */ = {isa = PBXFileReference; lastKnownFileType = text.plist.xml; path = Info.plist; sourceTree = "<group>"; };
		63145BE71BAFB20D005B05F0 /* QRScanDemoUITests.xctest */ = {isa = PBXFileReference; explicitFileType = wrapper.cfbundle; includeInIndex = 0; path = QRScanDemoUITests.xctest; sourceTree = BUILT_PRODUCTS_DIR; };
		63145BEB1BAFB20D005B05F0 /* QRScanDemoUITests.m */ = {isa = PBXFileReference; lastKnownFileType = sourcecode.c.objc; path = QRScanDemoUITests.m; sourceTree = "<group>"; };
		63145BED1BAFB20D005B05F0 /* Info.plist */ = {isa = PBXFileReference; lastKnownFileType = text.plist.xml; path = Info.plist; sourceTree = "<group>"; };
/* End PBXFileReference section */

/* Begin PBXFrameworksBuildPhase section */
		63145BC01BAFB20D005B05F0 /* Frameworks */ = {
			isa = PBXFrameworksBuildPhase;
			buildActionMask = 2147483647;
			files = (
			);
			runOnlyForDeploymentPostprocessing = 0;
		};
		63145BD91BAFB20D005B05F0 /* Frameworks */ = {
			isa = PBXFrameworksBuildPhase;
			buildActionMask = 2147483647;
			files = (
			);
			runOnlyForDeploymentPostprocessing = 0;
		};
		63145BE41BAFB20D005B05F0 /* Frameworks */ = {
			isa = PBXFrameworksBuildPhase;
			buildActionMask = 2147483647;
			files = (
			);
			runOnlyForDeploymentPostprocessing = 0;
		};
/* End PBXFrameworksBuildPhase section */

/* Begin PBXGroup section */
		63145BBA1BAFB20D005B05F0 = {
			isa = PBXGroup;
			children = (
				63145BC51BAFB20D005B05F0 /* QRScanDemo */,
				63145BDF1BAFB20D005B05F0 /* QRScanDemoTests */,
				63145BEA1BAFB20D005B05F0 /* QRScanDemoUITests */,
				63145BC41BAFB20D005B05F0 /* Products */,
			);
			sourceTree = "<group>";
		};
		63145BC41BAFB20D005B05F0 /* Products */ = {
			isa = PBXGroup;
			children = (
				63145BC31BAFB20D005B05F0 /* QRScanDemo.app */,
				63145BDC1BAFB20D005B05F0 /* QRScanDemoTests.xctest */,
				63145BE71BAFB20D005B05F0 /* QRScanDemoUITests.xctest */,
			);
			name = Products;
			sourceTree = "<group>";
		};
		63145BC51BAFB20D005B05F0 /* QRScanDemo */ = {
			isa = PBXGroup;
			children = (
				63145BC91BAFB20D005B05F0 /* AppDelegate.h */,
				63145BCA1BAFB20D005B05F0 /* AppDelegate.m */,
				63145BCC1BAFB20D005B05F0 /* ViewController.h */,
				63145BCD1BAFB20D005B05F0 /* ViewController.m */,
				63145BCF1BAFB20D005B05F0 /* Main.storyboard */,
				63145BD21BAFB20D005B05F0 /* Assets.xcassets */,
				63145BD41BAFB20D005B05F0 /* LaunchScreen.storyboard */,
				63145BD71BAFB20D005B05F0 /* Info.plist */,
				63145BC61BAFB20D005B05F0 /* Supporting Files */,
			);
			path = QRScanDemo;
			sourceTree = "<group>";
		};
		63145BC61BAFB20D005B05F0 /* Supporting Files */ = {
			isa = PBXGroup;
			children = (
				63145BC71BAFB20D005B05F0 /* main.m */,
			);
			name = "Supporting Files";
			sourceTree = "<group>";
		};
		63145BDF1BAFB20D005B05F0 /* QRScanDemoTests */ = {
			isa = PBXGroup;
			children = (
				63145BE01BAFB20D005B05F0 /* QRScanDemoTests.m */,
				63145BE21BAFB20D005B05F0 /* Info.plist */,
			);
			path = QRScanDemoTests;
			sourceTree = "<group>";
		};
		63145BEA1BAFB20D005B05F0 /* QRScanDemoUITests */ = {
			isa = PBXGroup;
			children = (
				63145BEB1BAFB20D005B05F0 /* QRScanDemoUITests.m */,
				63145BED1BAFB20D005B05F0 /* Info.plist */,
			);
			path = QRScanDemoUITests;
			sourceTree = "<group>";
		};
/* End PBXGroup section */

/* Begin PBXNativeTarget section */
		63145BC21BAFB20D005B05F0 /* QRScanDemo */ = {
			isa = PBXNativeTarget;
			buildConfigurationList = 63145BF01BAFB20D005B05F0 /* Build configuration list for PBXNativeTarget "QRScanDemo" */;
			buildPhases = (
				63145BBF1BAFB20D005B05F0 /* Sources */,
				63145BC01BAFB20D005B05F0 /* Frameworks */,
				63145BC11BAFB20D005B05F0 /* Resources */,
			);
			buildRules = (
			);
			dependencies = (
			);
			name = QRScanDemo;
			productName = QRScanDemo;
			productReference = 63145BC31BAFB20D005B05F0 /* QRScanDemo.app */;
			productType = "com.apple.product-type.application";
		};
		63145BDB1BAFB20D005B05F0 /* QRScanDemoTests */ = {
			isa = PBXNativeTarget;
			buildConfigurationList = 63145BF31BAFB20D005B05F0 /* Build configuration list for PBXNativeTarget "QRScanDemoTests" */;
			buildPhases = (
				63145BD81BAFB20D005B05F0 /* Sources */,
				63145BD91BAFB20D005B05F0 /* Frameworks */,
				63145BDA1BAFB20D005B05F0 /* Resources */,
			);
			buildRules = (
			);
			dependencies = (
				63145BDE1BAFB20D005B05F0 /* PBXTargetDependency */,
			);
			name = QRScanDemoTests;
			productName = QRScanDemoTests;
			productReference = 63145BDC1BAFB20D005B05F0 /* QRScanDemoTests.xctest */;
			productType = "com.apple.product-type.bundle.unit-test";
		};
		63145BE61BAFB20D005B05F0 /* QRScanDemoUITests */ = {
			isa = PBXNativeTarget;
			buildConfigurationList = 63145BF61BAFB20D005B05F0 /* Build configuration list for PBXNativeTarget "QRScanDemoUITests" */;
			buildPhases = (
				63145BE31BAFB20D005B05F0 /* Sources */,
				63145BE41BAFB20D005B05F0 /* Frameworks */,
				63145BE51BAFB20D005B05F0 /* Resources */,
			);
			buildRules = (
			);
			dependencies = (
				63145BE91BAFB20D005B05F0 /* PBXTargetDependency */,
			);
			name = QRScanDemoUITests;
			productName = QRScanDemoUITests;
			productReference = 63145BE71BAFB20D005B05F0 /* QRScanDemoUITests.xctest */;
			productType = "com.apple.product-type.bundle.ui-testing";
		};
/* End PBXNativeTarget section */

/* Begin PBXProject section */
		63145BBB1BAFB20D005B05F0 /* Project object */ = {
			isa = PBXProject;
			attributes = {
				LastUpgradeCheck = 0700;
				ORGANIZATIONNAME = "__无邪_";
				TargetAttributes = {
					63145BC21BAFB20D005B05F0 = {
						CreatedOnToolsVersion = 7.0;
					};
					63145BDB1BAFB20D005B05F0 = {
						CreatedOnToolsVersion = 7.0;
						TestTargetID = 63145BC21BAFB20D005B05F0;
					};
					63145BE61BAFB20D005B05F0 = {
						CreatedOnToolsVersion = 7.0;
						TestTargetID = 63145BC21BAFB20D005B05F0;
					};
				};
			};
			buildConfigurationList = 63145BBE1BAFB20D005B05F0 /* Build configuration list for PBXProject "QRScanDemo" */;
			compatibilityVersion = "Xcode 3.2";
			developmentRegion = English;
			hasScannedForEncodings = 0;
			knownRegions = (
				en,
				Base,
			);
			mainGroup = 63145BBA1BAFB20D005B05F0;
			productRefGroup = 63145BC41BAFB20D005B05F0 /* Products */;
			projectDirPath = "";
			projectRoot = "";
			targets = (
				63145BC21BAFB20D005B05F0 /* QRScanDemo */,
				63145BDB1BAFB20D005B05F0 /* QRScanDemoTests */,
				63145BE61BAFB20D005B05F0 /* QRScanDemoUITests */,
			);
		};
/* End PBXProject section */

/* Begin PBXResourcesBuildPhase section */
		63145BC11BAFB20D005B05F0 /* Resources */ = {
			isa = PBXResourcesBuildPhase;
			buildActionMask = 2147483647;
			files = (
				63145BD61BAFB20D005B05F0 /* LaunchScreen.storyboard in Resources */,
				63145BD31BAFB20D005B05F0 /* Assets.xcassets in Resources */,
				63145BD11BAFB20D005B05F0 /* Main.storyboard in Resources */,
			);
			runOnlyForDeploymentPostprocessing = 0;
		};
		63145BDA1BAFB20D005B05F0 /* Resources */ = {
			isa = PBXResourcesBuildPhase;
			buildActionMask = 2147483647;
			files = (
			);
			runOnlyForDeploymentPostprocessing = 0;
		};
		63145BE51BAFB20D005B05F0 /* Resources */ = {
			isa = PBXResourcesBuildPhase;
			buildActionMask = 2147483647;
			files = (
			);
			runOnlyForDeploymentPostprocessing = 0;
		};
/* End PBXResourcesBuildPhase section */

/* Begin PBXSourcesBuildPhase section */
		63145BBF1BAFB20D005B05F0 /* Sources */ = {
			isa = PBXSourcesBuildPhase;
			buildActionMask = 2147483647;
			files = (
				63145BCE1BAFB20D005B05F0 /* ViewController.m in Sources */,
				63145BCB1BAFB20D005B05F0 /* AppDelegate.m in Sources */,
				63145BC81BAFB20D005B05F0 /* main.m in Sources */,
			);
			runOnlyForDeploymentPostprocessing = 0;
		};
		63145BD81BAFB20D005B05F0 /* Sources */ = {
			isa = PBXSourcesBuildPhase;
			buildActionMask = 2147483647;
			files = (
				63145BE11BAFB20D005B05F0 /* QRScanDemoTests.m in Sources */,
			);
			runOnlyForDeploymentPostprocessing = 0;
		};
		63145BE31BAFB20D005B05F0 /* Sources */ = {
			isa = PBXSourcesBuildPhase;
			buildActionMask = 2147483647;
			files = (
				63145BEC1BAFB20D005B05F0 /* QRScanDemoUITests.m in Sources */,
			);
			runOnlyForDeploymentPostprocessing = 0;
		};
/* End PBXSourcesBuildPhase section */

/* Begin PBXTargetDependency section */
		63145BDE1BAFB20D005B05F0 /* PBXTargetDependency */ = {
			isa = PBXTargetDependency;
			target = 63145BC21BAFB20D005B05F0 /* QRScanDemo */;
			targetProxy = 63145BDD1BAFB20D005B05F0 /* PBXContainerItemProxy */;
		};
		63145BE91BAFB20D005B05F0 /* PBXTargetDependency */ = {
			isa = PBXTargetDependency;
			target = 63145BC21BAFB20D005B05F0 /* QRScanDemo */;
			targetProxy = 63145BE81BAFB20D005B05F0 /* PBXContainerItemProxy */;
		};
/* End PBXTargetDependency section */

/* Begin PBXVariantGroup section */
		63145BCF1BAFB20D005B05F0 /* Main.storyboard */ = {
			isa = PBXVariantGroup;
			children = (
				63145BD01BAFB20D005B05F0 /* Base */,
			);
			name = Main.storyboard;
			sourceTree = "<group>";
		};
		63145BD41BAFB20D005B05F0 /* LaunchScreen.storyboard */ = {
			isa = PBXVariantGroup;
			children = (
				63145BD51BAFB20D005B05F0 /* Base */,
			);
			name = LaunchScreen.storyboard;
			sourceTree = "<group>";
		};
/* End PBXVariantGroup section */

/* Begin XCBuildConfiguration section */
		63145BEE1BAFB20D005B05F0 /* Debug */ = {
			isa = XCBuildConfiguration;
			buildSettings = {
				ALWAYS_SEARCH_USER_PATHS = NO;
				CLANG_CXX_LANGUAGE_STANDARD = "gnu++0x";
				CLANG_CXX_LIBRARY = "libc++";
				CLANG_ENABLE_MODULES = YES;
				CLANG_ENABLE_OBJC_ARC = YES;
				CLANG_WARN_BOOL_CONVERSION = YES;
				CLANG_WARN_CONSTANT_CONVERSION = YES;
				CLANG_WARN_DIRECT_OBJC_ISA_USAGE = YES_ERROR;
				CLANG_WARN_EMPTY_BODY = YES;
				CLANG_WARN_ENUM_CONVERSION = YES;
				CLANG_WARN_INT_CONVERSION = YES;
				CLANG_WARN_OBJC_ROOT_CLASS = YES_ERROR;
				CLANG_WARN_UNREACHABLE_CODE = YES;
				CLANG_WARN__DUPLICATE_METHOD_MATCH = YES;
				"CODE_SIGN_IDENTITY[sdk=iphoneos*]" = "iPhone Developer";
				COPY_PHASE_STRIP = NO;
				DEBUG_INFORMATION_FORMAT = dwarf;
				ENABLE_STRICT_OBJC_MSGSEND = YES;
				ENABLE_TESTABILITY = YES;
				GCC_C_LANGUAGE_STANDARD = gnu99;
				GCC_DYNAMIC_NO_PIC = NO;
				GCC_NO_COMMON_BLOCKS = YES;
				GCC_OPTIMIZATION_LEVEL = 0;
				GCC_PREPROCESSOR_DEFINITIONS = (
					"DEBUG=1",
					"$(inherited)",
				);
				GCC_WARN_64_TO_32_BIT_CONVERSION = YES;
				GCC_WARN_ABOUT_RETURN_TYPE = YES_ERROR;
				GCC_WARN_UNDECLARED_SELECTOR = YES;
				GCC_WARN_UNINITIALIZED_AUTOS = YES_AGGRESSIVE;
				GCC_WARN_UNUSED_FUNCTION = YES;
				GCC_WARN_UNUSED_VARIABLE = YES;
				IPHONEOS_DEPLOYMENT_TARGET = 9.0;
				MTL_ENABLE_DEBUG_INFO = YES;
				ONLY_ACTIVE_ARCH = YES;
				SDKROOT = iphoneos;
				TARGETED_DEVICE_FAMILY = "1,2";
			};
			name = Debug;
		};
		63145BEF1BAFB20D005B05F0 /* Release */ = {
			isa = XCBuildConfiguration;
			buildSettings = {
				ALWAYS_SEARCH_USER_PATHS = NO;
				CLANG_CXX_LANGUAGE_STANDARD = "gnu++0x";
				CLANG_CXX_LIBRARY = "libc++";
				CLANG_ENABLE_MODULES = YES;
				CLANG_ENABLE_OBJC_ARC = YES;
				CLANG_WARN_BOOL_CONVERSION = YES;
				CLANG_WARN_CONSTANT_CONVERSION = YES;
				CLANG_WARN_DIRECT_OBJC_ISA_USAGE = YES_ERROR;
				CLANG_WARN_EMPTY_BODY = YES;
				CLANG_WARN_ENUM_CONVERSION = YES;
				CLANG_WARN_INT_CONVERSION = YES;
				CLANG_WARN_OBJC_ROOT_CLASS = YES_ERROR;
				CLANG_WARN_UNREACHABLE_CODE = YES;
				CLANG_WARN__DUPLICATE_METHOD_MATCH = YES;
				"CODE_SIGN_IDENTITY[sdk=iphoneos*]" = "iPhone Developer";
				COPY_PHASE_STRIP = NO;
				DEBUG_INFORMATION_FORMAT = "dwarf-with-dsym";
				ENABLE_NS_ASSERTIONS = NO;
				ENABLE_STRICT_OBJC_MSGSEND = YES;
				GCC_C_LANGUAGE_STANDARD = gnu99;
				GCC_NO_COMMON_BLOCKS = YES;
				GCC_WARN_64_TO_32_BIT_CONVERSION = YES;
				GCC_WARN_ABOUT_RETURN_TYPE = YES_ERROR;
				GCC_WARN_UNDECLARED_SELECTOR = YES;
				GCC_WARN_UNINITIALIZED_AUTOS = YES_AGGRESSIVE;
				GCC_WARN_UNUSED_FUNCTION = YES;
				GCC_WARN_UNUSED_VARIABLE = YES;
				IPHONEOS_DEPLOYMENT_TARGET = 9.0;
				MTL_ENABLE_DEBUG_INFO = NO;
				SDKROOT = iphoneos;
				TARGETED_DEVICE_FAMILY = "1,2";
				VALIDATE_PRODUCT = YES;
			};
			name = Release;
		};
		63145BF11BAFB20D005B05F0 /* Debug */ = {
			isa = XCBuildConfiguration;
			buildSettings = {
				ASSETCATALOG_COMPILER_APPICON_NAME = AppIcon;
				INFOPLIST_FILE = QRScanDemo/Info.plist;
				LD_RUNPATH_SEARCH_PATHS = "$(inherited) @executable_path/Frameworks";
				PRODUCT_BUNDLE_IDENTIFIER = Otherplayer.QRScanDemo;
				PRODUCT_NAME = "$(TARGET_NAME)";
			};
			name = Debug;
		};
		63145BF21BAFB20D005B05F0 /* Release */ = {
			isa = XCBuildConfiguration;
			buildSettings = {
				ASSETCATALOG_COMPILER_APPICON_NAME = AppIcon;
				INFOPLIST_FILE = QRScanDemo/Info.plist;
				LD_RUNPATH_SEARCH_PATHS = "$(inherited) @executable_path/Frameworks";
				PRODUCT_BUNDLE_IDENTIFIER = Otherplayer.QRScanDemo;
				PRODUCT_NAME = "$(TARGET_NAME)";
			};
			name = Release;
		};
		63145BF41BAFB20D005B05F0 /* Debug */ = {
			isa = XCBuildConfiguration;
			buildSettings = {
				BUNDLE_LOADER = "$(TEST_HOST)";
				INFOPLIST_FILE = QRScanDemoTests/Info.plist;
				LD_RUNPATH_SEARCH_PATHS = "$(inherited) @executable_path/Frameworks @loader_path/Frameworks";
				PRODUCT_BUNDLE_IDENTIFIER = Otherplayer.QRScanDemoTests;
				PRODUCT_NAME = "$(TARGET_NAME)";
				TEST_HOST = "$(BUILT_PRODUCTS_DIR)/QRScanDemo.app/QRScanDemo";
			};
			name = Debug;
		};
		63145BF51BAFB20D005B05F0 /* Release */ = {
			isa = XCBuildConfiguration;
			buildSettings = {
				BUNDLE_LOADER = "$(TEST_HOST)";
				INFOPLIST_FILE = QRScanDemoTests/Info.plist;
				LD_RUNPATH_SEARCH_PATHS = "$(inherited) @executable_path/Frameworks @loader_path/Frameworks";
				PRODUCT_BUNDLE_IDENTIFIER = Otherplayer.QRScanDemoTests;
				PRODUCT_NAME = "$(TARGET_NAME)";
				TEST_HOST = "$(BUILT_PRODUCTS_DIR)/QRScanDemo.app/QRScanDemo";
			};
			name = Release;
		};
		63145BF71BAFB20D005B05F0 /* Debug */ = {
			isa = XCBuildConfiguration;
			buildSettings = {
				INFOPLIST_FILE = QRScanDemoUITests/Info.plist;
				LD_RUNPATH_SEARCH_PATHS = "$(inherited) @executable_path/Frameworks @loader_path/Frameworks";
				PRODUCT_BUNDLE_IDENTIFIER = Otherplayer.QRScanDemoUITests;
				PRODUCT_NAME = "$(TARGET_NAME)";
				TEST_TARGET_NAME = QRScanDemo;
				USES_XCTRUNNER = YES;
			};
			name = Debug;
		};
		63145BF81BAFB20D005B05F0 /* Release */ = {
			isa = XCBuildConfiguration;
			buildSettings = {
				INFOPLIST_FILE = QRScanDemoUITests/Info.plist;
				LD_RUNPATH_SEARCH_PATHS = "$(inherited) @executable_path/Frameworks @loader_path/Frameworks";
				PRODUCT_BUNDLE_IDENTIFIER = Otherplayer.QRScanDemoUITests;
				PRODUCT_NAME = "$(TARGET_NAME)";
				TEST_TARGET_NAME = QRScanDemo;
				USES_XCTRUNNER = YES;
			};
			name = Release;
		};
/* End XCBuildConfiguration section */

/* Begin XCConfigurationList section */
		63145BBE1BAFB20D005B05F0 /* Build configuration list for PBXProject "QRScanDemo" */ = {
			isa = XCConfigurationList;
			buildConfigurations = (
				63145BEE1BAFB20D005B05F0 /* Debug */,
				63145BEF1BAFB20D005B05F0 /* Release */,
			);
			defaultConfigurationIsVisible = 0;
			defaultConfigurationName = Release;
		};
		63145BF01BAFB20D005B05F0 /* Build configuration list for PBXNativeTarget "QRScanDemo" */ = {
			isa = XCConfigurationList;
			buildConfigurations = (
				63145BF11BAFB20D005B05F0 /* Debug */,
				63145BF21BAFB20D005B05F0 /* Release */,
			);
			defaultConfigurationIsVisible = 0;
		};
		63145BF31BAFB20D005B05F0 /* Build configuration list for PBXNativeTarget "QRScanDemoTests" */ = {
			isa = XCConfigurationList;
			buildConfigurations = (
				63145BF41BAFB20D005B05F0 /* Debug */,
				63145BF51BAFB20D005B05F0 /* Release */,
			);
			defaultConfigurationIsVisible = 0;
		};
		63145BF61BAFB20D005B05F0 /* Build configuration list for PBXNativeTarget "QRScanDemoUITests" */ = {
			isa = XCConfigurationList;
			buildConfigurations = (
				63145BF71BAFB20D005B05F0 /* Debug */,
				63145BF81BAFB20D005B05F0 /* Release */,
			);
			defaultConfigurationIsVisible = 0;
		};
/* End XCConfigurationList section */
	};
	rootObject = 63145BBB1BAFB20D005B05F0 /* Project object */;
}
